
Microsoft Visual Studio Solution File, Format Version 12.00
# Visual Studio Version 17
VisualStudioVersion = 17.0.31903.59
MinimumVisualStudioVersion = 10.0.40219.1
Project("{2150E333-8FDC-42A3-9474-1A3956D46DE8}") = "Legacy-Code", "Legacy-Code", "{A90D3362-C034-485E-9720-F01D57813B8C}"
EndProject
Project("{FAE04EC0-301F-11D3-BF4B-00C04F79EFBC}") = "Project #1", "Legacy-Code\Project-#1\Project #1.csproj", "{B40D83A1-79AA-44D9-A871-1D11B9405F50}"
EndProject
Project("{2150E333-8FDC-42A3-9474-1A3956D46DE8}") = "misc", "misc", "{D487CA59-D831-471D-96D8-F735237C4376}"
EndProject
Project("{FAE04EC0-301F-11D3-BF4B-00C04F79EFBC}") = "ConsoleApp1", "misc\ConsoleApp1\ConsoleApp1.csproj", "{9FD68E37-26AB-4B2E-94E7-3DBAA63E60FC}"
EndProject
Project("{FAE04EC0-301F-11D3-BF4B-00C04F79EFBC}") = "ConsoleApp2", "misc\ConsoleApp2\ConsoleApp2.csproj", "{031EA354-DEDC-4EA6-B4EC-A7829AA8CA0E}"
EndProject
Project("{FAE04EC0-301F-11D3-BF4B-00C04F79EFBC}") = "uban detector", "misc\uban-detector\uban detector.csproj", "{F1369719-F6BD-4B88-9E23-4204E0C62E3E}"
EndProject
Project("{2150E333-8FDC-42A3-9474-1A3956D46DE8}") = "recursion", "recursion", "{8457AC73-B4C0-40DC-BD7A-12B0F8752F9A}"
EndProject
Project("{FAE04EC0-301F-11D3-BF4B-00C04F79EFBC}") = "array recursion", "recursion\Array-Recursion\array recursion.csproj", "{CF6E3B53-684F-46BC-A733-85A2245C59AA}"
EndProject
Project("{FAE04EC0-301F-11D3-BF4B-00C04F79EFBC}") = "factorial", "recursion\Factor\factorial.csproj", "{5F3FF48C-BC70-43DB-825A-C5AC695ABF78}"
EndProject
Project("{FAE04EC0-301F-11D3-BF4B-00C04F79EFBC}") = "fibonacci", "recursion\Fibonacci\fibonacci.csproj", "{0EF5D802-65AA-4564-BA5C-FA7B5417CEE3}"
EndProject
Project("{FAE04EC0-301F-11D3-BF4B-00C04F79EFBC}") = "Hex-Code-Checker", "recursion\Hex-Code-Checker\Hex-Code-Checker.csproj", "{EEBAF893-B1BD-43C6-9C68-E5A93B46791D}"
EndProject
Project("{FAE04EC0-301F-11D3-BF4B-00C04F79EFBC}") = "palindrome test", "recursion\Palindrome-Checker\palindrome test.csproj", "{5A5F78F4-0148-46DB-9D2F-88AF7B6E295A}"
EndProject
Project("{FAE04EC0-301F-11D3-BF4B-00C04F79EFBC}") = "recursion", "recursion\Recursion\recursion.csproj", "{037FC667-B469-4CB8-B2CF-1C729FCD6C21}"
EndProject
Project("{2150E333-8FDC-42A3-9474-1A3956D46DE8}") = "Regex", "Regex", "{E4543419-C41D-4FD9-9E5B-91928F5F199C}"
EndProject
Project("{FAE04EC0-301F-11D3-BF4B-00C04F79EFBC}") = "password requirenment", "Regex\password-requirenment\password requirenment.csproj", "{B1ECE144-C284-4728-9BCD-2CF24FDBA438}"
EndProject
Project("{FAE04EC0-301F-11D3-BF4B-00C04F79EFBC}") = "RegexPalindrome", "Regex\Regex-Palindrome\RegexPalindrome.csproj", "{E23BED7A-30E7-4E62-BB70-3DBA8FB94F4F}"
EndProject
Global
	GlobalSection(SolutionConfigurationPlatforms) = preSolution
		Debug|Any CPU = Debug|Any CPU
		Release|Any CPU = Release|Any CPU
	EndGlobalSection
	GlobalSection(SolutionProperties) = preSolution
		HideSolutionNode = FALSE
	EndGlobalSection
	GlobalSection(ProjectConfigurationPlatforms) = postSolution
		{B40D83A1-79AA-44D9-A871-1D11B9405F50}.Debug|Any CPU.ActiveCfg = Debug|Any CPU
		{B40D83A1-79AA-44D9-A871-1D11B9405F50}.Debug|Any CPU.Build.0 = Debug|Any CPU
		{B40D83A1-79AA-44D9-A871-1D11B9405F50}.Release|Any CPU.ActiveCfg = Release|Any CPU
		{B40D83A1-79AA-44D9-A871-1D11B9405F50}.Release|Any CPU.Build.0 = Release|Any CPU
		{9FD68E37-26AB-4B2E-94E7-3DBAA63E60FC}.Debug|Any CPU.ActiveCfg = Debug|Any CPU
		{9FD68E37-26AB-4B2E-94E7-3DBAA63E60FC}.Debug|Any CPU.Build.0 = Debug|Any CPU
		{9FD68E37-26AB-4B2E-94E7-3DBAA63E60FC}.Release|Any CPU.ActiveCfg = Release|Any CPU
		{9FD68E37-26AB-4B2E-94E7-3DBAA63E60FC}.Release|Any CPU.Build.0 = Release|Any CPU
		{031EA354-DEDC-4EA6-B4EC-A7829AA8CA0E}.Debug|Any CPU.ActiveCfg = Debug|Any CPU
		{031EA354-DEDC-4EA6-B4EC-A7829AA8CA0E}.Debug|Any CPU.Build.0 = Debug|Any CPU
		{031EA354-DEDC-4EA6-B4EC-A7829AA8CA0E}.Release|Any CPU.ActiveCfg = Release|Any CPU
		{031EA354-DEDC-4EA6-B4EC-A7829AA8CA0E}.Release|Any CPU.Build.0 = Release|Any CPU
		{F1369719-F6BD-4B88-9E23-4204E0C62E3E}.Debug|Any CPU.ActiveCfg = Debug|Any CPU
		{F1369719-F6BD-4B88-9E23-4204E0C62E3E}.Debug|Any CPU.Build.0 = Debug|Any CPU
		{F1369719-F6BD-4B88-9E23-4204E0C62E3E}.Release|Any CPU.ActiveCfg = Release|Any CPU
		{F1369719-F6BD-4B88-9E23-4204E0C62E3E}.Release|Any CPU.Build.0 = Release|Any CPU
		{CF6E3B53-684F-46BC-A733-85A2245C59AA}.Debug|Any CPU.ActiveCfg = Debug|Any CPU
		{CF6E3B53-684F-46BC-A733-85A2245C59AA}.Debug|Any CPU.Build.0 = Debug|Any CPU
		{CF6E3B53-684F-46BC-A733-85A2245C59AA}.Release|Any CPU.ActiveCfg = Release|Any CPU
		{CF6E3B53-684F-46BC-A733-85A2245C59AA}.Release|Any CPU.Build.0 = Release|Any CPU
		{5F3FF48C-BC70-43DB-825A-C5AC695ABF78}.Debug|Any CPU.ActiveCfg = Debug|Any CPU
		{5F3FF48C-BC70-43DB-825A-C5AC695ABF78}.Debug|Any CPU.Build.0 = Debug|Any CPU
		{5F3FF48C-BC70-43DB-825A-C5AC695ABF78}.Release|Any CPU.ActiveCfg = Release|Any CPU
		{5F3FF48C-BC70-43DB-825A-C5AC695ABF78}.Release|Any CPU.Build.0 = Release|Any CPU
		{0EF5D802-65AA-4564-BA5C-FA7B5417CEE3}.Debug|Any CPU.ActiveCfg = Debug|Any CPU
		{0EF5D802-65AA-4564-BA5C-FA7B5417CEE3}.Debug|Any CPU.Build.0 = Debug|Any CPU
		{0EF5D802-65AA-4564-BA5C-FA7B5417CEE3}.Release|Any CPU.ActiveCfg = Release|Any CPU
		{0EF5D802-65AA-4564-BA5C-FA7B5417CEE3}.Release|Any CPU.Build.0 = Release|Any CPU
		{EEBAF893-B1BD-43C6-9C68-E5A93B46791D}.Debug|Any CPU.ActiveCfg = Debug|Any CPU
		{EEBAF893-B1BD-43C6-9C68-E5A93B46791D}.Debug|Any CPU.Build.0 = Debug|Any CPU
		{EEBAF893-B1BD-43C6-9C68-E5A93B46791D}.Release|Any CPU.ActiveCfg = Release|Any CPU
		{EEBAF893-B1BD-43C6-9C68-E5A93B46791D}.Release|Any CPU.Build.0 = Release|Any CPU
		{5A5F78F4-0148-46DB-9D2F-88AF7B6E295A}.Debug|Any CPU.ActiveCfg = Debug|Any CPU
		{5A5F78F4-0148-46DB-9D2F-88AF7B6E295A}.Debug|Any CPU.Build.0 = Debug|Any CPU
		{5A5F78F4-0148-46DB-9D2F-88AF7B6E295A}.Release|Any CPU.ActiveCfg = Release|Any CPU
		{5A5F78F4-0148-46DB-9D2F-88AF7B6E295A}.Release|Any CPU.Build.0 = Release|Any CPU
		{037FC667-B469-4CB8-B2CF-1C729FCD6C21}.Debug|Any CPU.ActiveCfg = Debug|Any CPU
		{037FC667-B469-4CB8-B2CF-1C729FCD6C21}.Debug|Any CPU.Build.0 = Debug|Any CPU
		{037FC667-B469-4CB8-B2CF-1C729FCD6C21}.Release|Any CPU.ActiveCfg = Release|Any CPU
		{037FC667-B469-4CB8-B2CF-1C729FCD6C21}.Release|Any CPU.Build.0 = Release|Any CPU
		{B1ECE144-C284-4728-9BCD-2CF24FDBA438}.Debug|Any CPU.ActiveCfg = Debug|Any CPU
		{B1ECE144-C284-4728-9BCD-2CF24FDBA438}.Debug|Any CPU.Build.0 = Debug|Any CPU
		{B1ECE144-C284-4728-9BCD-2CF24FDBA438}.Release|Any CPU.ActiveCfg = Release|Any CPU
		{B1ECE144-C284-4728-9BCD-2CF24FDBA438}.Release|Any CPU.Build.0 = Release|Any CPU
		{E23BED7A-30E7-4E62-BB70-3DBA8FB94F4F}.Debug|Any CPU.ActiveCfg = Debug|Any CPU
		{E23BED7A-30E7-4E62-BB70-3DBA8FB94F4F}.Debug|Any CPU.Build.0 = Debug|Any CPU
		{E23BED7A-30E7-4E62-BB70-3DBA8FB94F4F}.Release|Any CPU.ActiveCfg = Release|Any CPU
		{E23BED7A-30E7-4E62-BB70-3DBA8FB94F4F}.Release|Any CPU.Build.0 = Release|Any CPU
	EndGlobalSection
	GlobalSection(NestedProjects) = preSolution
		{B40D83A1-79AA-44D9-A871-1D11B9405F50} = {A90D3362-C034-485E-9720-F01D57813B8C}
		{9FD68E37-26AB-4B2E-94E7-3DBAA63E60FC} = {D487CA59-D831-471D-96D8-F735237C4376}
		{031EA354-DEDC-4EA6-B4EC-A7829AA8CA0E} = {D487CA59-D831-471D-96D8-F735237C4376}
		{F1369719-F6BD-4B88-9E23-4204E0C62E3E} = {D487CA59-D831-471D-96D8-F735237C4376}
		{CF6E3B53-684F-46BC-A733-85A2245C59AA} = {8457AC73-B4C0-40DC-BD7A-12B0F8752F9A}
		{5F3FF48C-BC70-43DB-825A-C5AC695ABF78} = {8457AC73-B4C0-40DC-BD7A-12B0F8752F9A}
		{0EF5D802-65AA-4564-BA5C-FA7B5417CEE3} = {8457AC73-B4C0-40DC-BD7A-12B0F8752F9A}
		{EEBAF893-B1BD-43C6-9C68-E5A93B46791D} = {8457AC73-B4C0-40DC-BD7A-12B0F8752F9A}
		{5A5F78F4-0148-46DB-9D2F-88AF7B6E295A} = {8457AC73-B4C0-40DC-BD7A-12B0F8752F9A}
		{037FC667-B469-4CB8-B2CF-1C729FCD6C21} = {8457AC73-B4C0-40DC-BD7A-12B0F8752F9A}
		{B1ECE144-C284-4728-9BCD-2CF24FDBA438} = {E4543419-C41D-4FD9-9E5B-91928F5F199C}
		{E23BED7A-30E7-4E62-BB70-3DBA8FB94F4F} = {E4543419-C41D-4FD9-9E5B-91928F5F199C}
	EndGlobalSection
EndGlobal
