
Microsoft Visual Studio Solution File, Format Version 12.00
# Visual Studio Version 17
VisualStudioVersion = 17.0.31903.59
MinimumVisualStudioVersion = 10.0.40219.1
Project("{2150E333-8FDC-42A3-9474-1A3956D46DE8}") = "Legacy-Code", "Legacy-Code", "{A90D3362-C034-485E-9720-F01D57813B8C}"
EndProject
Project("{2150E333-8FDC-42A3-9474-1A3956D46DE8}") = "misc", "misc", "{D487CA59-D831-471D-96D8-F735237C4376}"
EndProject
Project("{9A19103F-16F7-4668-BE54-9A1E7A4F7556}") = "ConsoleApp1", "misc\ConsoleApp1\ConsoleApp1.csproj", "{9FD68E37-26AB-4B2E-94E7-3DBAA63E60FC}"
EndProject
Project("{9A19103F-16F7-4668-BE54-9A1E7A4F7556}") = "ConsoleApp2", "misc\ConsoleApp2\ConsoleApp2.csproj", "{031EA354-DEDC-4EA6-B4EC-A7829AA8CA0E}"
EndProject
Project("{9A19103F-16F7-4668-BE54-9A1E7A4F7556}") = "uban detector", "misc\uban-detector\uban detector.csproj", "{F1369719-F6BD-4B88-9E23-4204E0C62E3E}"
EndProject
Project("{2150E333-8FDC-42A3-9474-1A3956D46DE8}") = "recursion", "recursion", "{8457AC73-B4C0-40DC-BD7A-12B0F8752F9A}"
EndProject
Project("{9A19103F-16F7-4668-BE54-9A1E7A4F7556}") = "array recursion", "recursion\Array-Recursion\array recursion.csproj", "{CF6E3B53-684F-46BC-A733-85A2245C59AA}"
EndProject
Project("{9A19103F-16F7-4668-BE54-9A1E7A4F7556}") = "factorial", "recursion\Factor\factorial.csproj", "{5F3FF48C-BC70-43DB-825A-C5AC695ABF78}"
EndProject
Project("{9A19103F-16F7-4668-BE54-9A1E7A4F7556}") = "fibonacci", "recursion\Fibonacci\fibonacci.csproj", "{0EF5D802-65AA-4564-BA5C-FA7B5417CEE3}"
EndProject
Project("{9A19103F-16F7-4668-BE54-9A1E7A4F7556}") = "Hex-Code-Checker", "recursion\Hex-Code-Checker\Hex-Code-Checker.csproj", "{EEBAF893-B1BD-43C6-9C68-E5A93B46791D}"
EndProject
Project("{9A19103F-16F7-4668-BE54-9A1E7A4F7556}") = "palindrome test", "recursion\Palindrome-Checker\palindrome test.csproj", "{5A5F78F4-0148-46DB-9D2F-88AF7B6E295A}"
EndProject
Project("{9A19103F-16F7-4668-BE54-9A1E7A4F7556}") = "recursion", "recursion\Recursion\recursion.csproj", "{037FC667-B469-4CB8-B2CF-1C729FCD6C21}"
EndProject
Project("{2150E333-8FDC-42A3-9474-1A3956D46DE8}") = "Regex", "Regex", "{E4543419-C41D-4FD9-9E5B-91928F5F199C}"
EndProject
Project("{9A19103F-16F7-4668-BE54-9A1E7A4F7556}") = "password requirenment", "Regex\password-requirenment\password requirenment.csproj", "{B1ECE144-C284-4728-9BCD-2CF24FDBA438}"
EndProject
Project("{9A19103F-16F7-4668-BE54-9A1E7A4F7556}") = "RegexPalindrome", "Regex\Regex-Palindrome\RegexPalindrome.csproj", "{E23BED7A-30E7-4E62-BB70-3DBA8FB94F4F}"
EndProject
Project("{9A19103F-16F7-4668-BE54-9A1E7A4F7556}") = "proper-spelling", "regex\proper-spelling\proper-spelling.csproj", "{D7EE786A-56D2-4969-B7D8-DD185C4DAFE4}"
EndProject
Project("{9A19103F-16F7-4668-BE54-9A1E7A4F7556}") = "cs-document", "regex\cs-document\cs-document.csproj", "{FC6844F3-10FC-4350-998C-C1CEEDC64864}"
EndProject
Project("{2150E333-8FDC-42A3-9474-1A3956D46DE8}") = "libraries", "libraries", "{F4D1E89B-5BA4-477B-8FF6-ECDAFC971CEC}"
EndProject
Project("{9A19103F-16F7-4668-BE54-9A1E7A4F7556}") = "txt-reader", "libraries\txt-reader\txt-reader.csproj", "{F1A61978-C795-4E00-A348-AF437AF754B2}"
EndProject
Project("{9A19103F-16F7-4668-BE54-9A1E7A4F7556}") = "repeated-words", "regex\repeated-words\repeated-words.csproj", "{83705905-B98C-4803-A0AE-A325A99779FC}"
EndProject
Project("{9A19103F-16F7-4668-BE54-9A1E7A4F7556}") = "switch", "misc\switch\switch.csproj", "{9EA14282-C3AE-464D-B35E-50315D2F0A0E}"
EndProject
Project("{9A19103F-16F7-4668-BE54-9A1E7A4F7556}") = "Project-#2", "Legacy-code\project-#2\Project-#2.csproj", "{4EDE846B-907D-4958-B041-3B2EB3262D6F}"
EndProject
Project("{9A19103F-16F7-4668-BE54-9A1E7A4F7556}") = "Project-#3", "Legacy-code\project-#3\Project-#3.csproj", "{F9A706C7-E15F-47AD-80DE-BC1440E0474D}"
EndProject
Project("{9A19103F-16F7-4668-BE54-9A1E7A4F7556}") = "Project-#4", "Legacy-code\project-#4\Project-#4.csproj", "{1B58A4D9-CF19-4916-820A-61F4D12742CB}"
EndProject
Project("{9A19103F-16F7-4668-BE54-9A1E7A4F7556}") = "Project-#5", "Legacy-code\project-#5\Project-#5.csproj", "{E2FF4131-011F-4FF7-A62F-FA0D059E43C6}"
EndProject
Project("{9A19103F-16F7-4668-BE54-9A1E7A4F7556}") = "Project-#6", "Legacy-code\project-#6\Project-#6.csproj", "{8357D8EC-572B-4019-8026-BBF3389AFE23}"
EndProject
Project("{9A19103F-16F7-4668-BE54-9A1E7A4F7556}") = "Project-#7", "Legacy-code\project-#7\Project-#7.csproj", "{D8B5C2E2-8849-44AA-9BA2-7775652BA73E}"
EndProject
Project("{9A19103F-16F7-4668-BE54-9A1E7A4F7556}") = "Project-#8", "Legacy-code\project-#8\Project-#8.csproj", "{9D234B65-B4D1-43B4-835D-22DFB785ED29}"
EndProject
Project("{9A19103F-16F7-4668-BE54-9A1E7A4F7556}") = "Project-#9", "Legacy-code\project-#9\Project-#9.csproj", "{63C32D72-6413-4F47-B6FB-6E0CB8D0AFF3}"
EndProject
Project("{9A19103F-16F7-4668-BE54-9A1E7A4F7556}") = "Project-#10", "Legacy-code\project-#10\Project-#10.csproj", "{2EAA19B9-A441-4C06-8621-BEEBBA7CD149}"
EndProject
Project("{9A19103F-16F7-4668-BE54-9A1E7A4F7556}") = "Project-#11", "Legacy-code\project-#11\Project-#11.csproj", "{FC51584A-DFC6-4A6E-AC6E-23AF7B3C15FD}"
EndProject
Project("{9A19103F-16F7-4668-BE54-9A1E7A4F7556}") = "Project-#12", "Legacy-code\project-#12\Project-#12.csproj", "{B643268D-DCD0-4157-8082-8D38E0CD3423}"
EndProject
Project("{9A19103F-16F7-4668-BE54-9A1E7A4F7556}") = "Project-#13", "Legacy-code\project-#13\Project-#13.csproj", "{12DE57AF-96C2-4C45-A015-B5ADD0CA6293}"
EndProject
Project("{9A19103F-16F7-4668-BE54-9A1E7A4F7556}") = "Project-#14", "Legacy-code\project-#14\Project-#14.csproj", "{3E9B367B-6DC4-4A81-9E39-6F1A5D3545D3}"
EndProject
Project("{9A19103F-16F7-4668-BE54-9A1E7A4F7556}") = "Project-#15", "Legacy-code\project-#15\Project-#15.csproj", "{9BC10CC1-0223-4257-B42D-C0CF78AC3807}"
EndProject
Project("{9A19103F-16F7-4668-BE54-9A1E7A4F7556}") = "Project-#1", "legacy-code\project-#1\Project-#1.csproj", "{147D247A-FABD-49C8-9FDD-C0CD6E477DE2}"
EndProject
Project("{2150E333-8FDC-42A3-9474-1A3956D46DE8}") = "Dateandtime", "Dateandtime", "{8F9D6917-F2E5-41DC-BA0B-7166221CBEBA}"
EndProject
Project("{9A19103F-16F7-4668-BE54-9A1E7A4F7556}") = "starting", "Dateandtime\starting\starting.csproj", "{2B8C2296-1D9C-4994-8884-8B7D2D9739E1}"
EndProject
Project("{9A19103F-16F7-4668-BE54-9A1E7A4F7556}") = "currenttime", "dateandtime\currenttime\currenttime.csproj", "{8D78FE94-3486-47D7-A6F6-43DF0BB7A33B}"
EndProject
Project("{9A19103F-16F7-4668-BE54-9A1E7A4F7556}") = "age", "dateandtime\age\age.csproj", "{35BEA4DA-3B87-4A11-9E83-FA7EEDAC72ED}"
EndProject
Project("{FAE04EC0-301F-11D3-BF4B-00C04F79EFBC}") = "Util", "libraries\Util\Util.csproj", "{785163C1-83ED-4BDE-A955-75E506AFB3FD}"
EndProject
Project("{FAE04EC0-301F-11D3-BF4B-00C04F79EFBC}") = "Cultures", "dateandtime\cultures\Cultures.csproj", "{485931A8-5425-4518-B7FC-08568F0CBD03}"
EndProject
Project("{FAE04EC0-301F-11D3-BF4B-00C04F79EFBC}") = "BackToTheFuture", "dateandtime\backtothefuture\BackToTheFuture.csproj", "{F0EC4F74-75E7-4690-AD98-84F1FE479E48}"
EndProject
Global
	GlobalSection(SolutionConfigurationPlatforms) = preSolution
		Debug|Any CPU = Debug|Any CPU
		Release|Any CPU = Release|Any CPU
	EndGlobalSection
	GlobalSection(ProjectConfigurationPlatforms) = postSolution
		{9FD68E37-26AB-4B2E-94E7-3DBAA63E60FC}.Debug|Any CPU.ActiveCfg = Debug|Any CPU
		{9FD68E37-26AB-4B2E-94E7-3DBAA63E60FC}.Debug|Any CPU.Build.0 = Debug|Any CPU
		{9FD68E37-26AB-4B2E-94E7-3DBAA63E60FC}.Release|Any CPU.ActiveCfg = Release|Any CPU
		{9FD68E37-26AB-4B2E-94E7-3DBAA63E60FC}.Release|Any CPU.Build.0 = Release|Any CPU
		{031EA354-DEDC-4EA6-B4EC-A7829AA8CA0E}.Debug|Any CPU.ActiveCfg = Debug|Any CPU
		{031EA354-DEDC-4EA6-B4EC-A7829AA8CA0E}.Debug|Any CPU.Build.0 = Debug|Any CPU
		{031EA354-DEDC-4EA6-B4EC-A7829AA8CA0E}.Release|Any CPU.ActiveCfg = Release|Any CPU
		{031EA354-DEDC-4EA6-B4EC-A7829AA8CA0E}.Release|Any CPU.Build.0 = Release|Any CPU
		{F1369719-F6BD-4B88-9E23-4204E0C62E3E}.Debug|Any CPU.ActiveCfg = Debug|Any CPU
		{F1369719-F6BD-4B88-9E23-4204E0C62E3E}.Debug|Any CPU.Build.0 = Debug|Any CPU
		{F1369719-F6BD-4B88-9E23-4204E0C62E3E}.Release|Any CPU.ActiveCfg = Release|Any CPU
		{F1369719-F6BD-4B88-9E23-4204E0C62E3E}.Release|Any CPU.Build.0 = Release|Any CPU
		{CF6E3B53-684F-46BC-A733-85A2245C59AA}.Debug|Any CPU.ActiveCfg = Debug|Any CPU
		{CF6E3B53-684F-46BC-A733-85A2245C59AA}.Debug|Any CPU.Build.0 = Debug|Any CPU
		{CF6E3B53-684F-46BC-A733-85A2245C59AA}.Release|Any CPU.ActiveCfg = Release|Any CPU
		{CF6E3B53-684F-46BC-A733-85A2245C59AA}.Release|Any CPU.Build.0 = Release|Any CPU
		{5F3FF48C-BC70-43DB-825A-C5AC695ABF78}.Debug|Any CPU.ActiveCfg = Debug|Any CPU
		{5F3FF48C-BC70-43DB-825A-C5AC695ABF78}.Debug|Any CPU.Build.0 = Debug|Any CPU
		{5F3FF48C-BC70-43DB-825A-C5AC695ABF78}.Release|Any CPU.ActiveCfg = Release|Any CPU
		{5F3FF48C-BC70-43DB-825A-C5AC695ABF78}.Release|Any CPU.Build.0 = Release|Any CPU
		{0EF5D802-65AA-4564-BA5C-FA7B5417CEE3}.Debug|Any CPU.ActiveCfg = Debug|Any CPU
		{0EF5D802-65AA-4564-BA5C-FA7B5417CEE3}.Debug|Any CPU.Build.0 = Debug|Any CPU
		{0EF5D802-65AA-4564-BA5C-FA7B5417CEE3}.Release|Any CPU.ActiveCfg = Release|Any CPU
		{0EF5D802-65AA-4564-BA5C-FA7B5417CEE3}.Release|Any CPU.Build.0 = Release|Any CPU
		{EEBAF893-B1BD-43C6-9C68-E5A93B46791D}.Debug|Any CPU.ActiveCfg = Debug|Any CPU
		{EEBAF893-B1BD-43C6-9C68-E5A93B46791D}.Debug|Any CPU.Build.0 = Debug|Any CPU
		{EEBAF893-B1BD-43C6-9C68-E5A93B46791D}.Release|Any CPU.ActiveCfg = Release|Any CPU
		{EEBAF893-B1BD-43C6-9C68-E5A93B46791D}.Release|Any CPU.Build.0 = Release|Any CPU
		{5A5F78F4-0148-46DB-9D2F-88AF7B6E295A}.Debug|Any CPU.ActiveCfg = Debug|Any CPU
		{5A5F78F4-0148-46DB-9D2F-88AF7B6E295A}.Debug|Any CPU.Build.0 = Debug|Any CPU
		{5A5F78F4-0148-46DB-9D2F-88AF7B6E295A}.Release|Any CPU.ActiveCfg = Release|Any CPU
		{5A5F78F4-0148-46DB-9D2F-88AF7B6E295A}.Release|Any CPU.Build.0 = Release|Any CPU
		{037FC667-B469-4CB8-B2CF-1C729FCD6C21}.Debug|Any CPU.ActiveCfg = Debug|Any CPU
		{037FC667-B469-4CB8-B2CF-1C729FCD6C21}.Debug|Any CPU.Build.0 = Debug|Any CPU
		{037FC667-B469-4CB8-B2CF-1C729FCD6C21}.Release|Any CPU.ActiveCfg = Release|Any CPU
		{037FC667-B469-4CB8-B2CF-1C729FCD6C21}.Release|Any CPU.Build.0 = Release|Any CPU
		{B1ECE144-C284-4728-9BCD-2CF24FDBA438}.Debug|Any CPU.ActiveCfg = Debug|Any CPU
		{B1ECE144-C284-4728-9BCD-2CF24FDBA438}.Debug|Any CPU.Build.0 = Debug|Any CPU
		{B1ECE144-C284-4728-9BCD-2CF24FDBA438}.Release|Any CPU.ActiveCfg = Release|Any CPU
		{B1ECE144-C284-4728-9BCD-2CF24FDBA438}.Release|Any CPU.Build.0 = Release|Any CPU
		{E23BED7A-30E7-4E62-BB70-3DBA8FB94F4F}.Debug|Any CPU.ActiveCfg = Debug|Any CPU
		{E23BED7A-30E7-4E62-BB70-3DBA8FB94F4F}.Debug|Any CPU.Build.0 = Debug|Any CPU
		{E23BED7A-30E7-4E62-BB70-3DBA8FB94F4F}.Release|Any CPU.ActiveCfg = Release|Any CPU
		{E23BED7A-30E7-4E62-BB70-3DBA8FB94F4F}.Release|Any CPU.Build.0 = Release|Any CPU
		{D7EE786A-56D2-4969-B7D8-DD185C4DAFE4}.Debug|Any CPU.ActiveCfg = Debug|Any CPU
		{D7EE786A-56D2-4969-B7D8-DD185C4DAFE4}.Debug|Any CPU.Build.0 = Debug|Any CPU
		{D7EE786A-56D2-4969-B7D8-DD185C4DAFE4}.Release|Any CPU.ActiveCfg = Release|Any CPU
		{D7EE786A-56D2-4969-B7D8-DD185C4DAFE4}.Release|Any CPU.Build.0 = Release|Any CPU
		{FC6844F3-10FC-4350-998C-C1CEEDC64864}.Debug|Any CPU.ActiveCfg = Debug|Any CPU
		{FC6844F3-10FC-4350-998C-C1CEEDC64864}.Debug|Any CPU.Build.0 = Debug|Any CPU
		{FC6844F3-10FC-4350-998C-C1CEEDC64864}.Release|Any CPU.ActiveCfg = Release|Any CPU
		{FC6844F3-10FC-4350-998C-C1CEEDC64864}.Release|Any CPU.Build.0 = Release|Any CPU
		{F1A61978-C795-4E00-A348-AF437AF754B2}.Debug|Any CPU.ActiveCfg = Debug|Any CPU
		{F1A61978-C795-4E00-A348-AF437AF754B2}.Debug|Any CPU.Build.0 = Debug|Any CPU
		{F1A61978-C795-4E00-A348-AF437AF754B2}.Release|Any CPU.ActiveCfg = Release|Any CPU
		{F1A61978-C795-4E00-A348-AF437AF754B2}.Release|Any CPU.Build.0 = Release|Any CPU
		{83705905-B98C-4803-A0AE-A325A99779FC}.Debug|Any CPU.ActiveCfg = Debug|Any CPU
		{83705905-B98C-4803-A0AE-A325A99779FC}.Debug|Any CPU.Build.0 = Debug|Any CPU
		{83705905-B98C-4803-A0AE-A325A99779FC}.Release|Any CPU.ActiveCfg = Release|Any CPU
		{83705905-B98C-4803-A0AE-A325A99779FC}.Release|Any CPU.Build.0 = Release|Any CPU
		{9EA14282-C3AE-464D-B35E-50315D2F0A0E}.Debug|Any CPU.ActiveCfg = Debug|Any CPU
		{9EA14282-C3AE-464D-B35E-50315D2F0A0E}.Debug|Any CPU.Build.0 = Debug|Any CPU
		{9EA14282-C3AE-464D-B35E-50315D2F0A0E}.Release|Any CPU.ActiveCfg = Release|Any CPU
		{9EA14282-C3AE-464D-B35E-50315D2F0A0E}.Release|Any CPU.Build.0 = Release|Any CPU
		{4EDE846B-907D-4958-B041-3B2EB3262D6F}.Debug|Any CPU.ActiveCfg = Debug|Any CPU
		{4EDE846B-907D-4958-B041-3B2EB3262D6F}.Debug|Any CPU.Build.0 = Debug|Any CPU
		{4EDE846B-907D-4958-B041-3B2EB3262D6F}.Release|Any CPU.ActiveCfg = Release|Any CPU
		{4EDE846B-907D-4958-B041-3B2EB3262D6F}.Release|Any CPU.Build.0 = Release|Any CPU
		{F9A706C7-E15F-47AD-80DE-BC1440E0474D}.Debug|Any CPU.ActiveCfg = Debug|Any CPU
		{F9A706C7-E15F-47AD-80DE-BC1440E0474D}.Debug|Any CPU.Build.0 = Debug|Any CPU
		{F9A706C7-E15F-47AD-80DE-BC1440E0474D}.Release|Any CPU.ActiveCfg = Release|Any CPU
		{F9A706C7-E15F-47AD-80DE-BC1440E0474D}.Release|Any CPU.Build.0 = Release|Any CPU
		{1B58A4D9-CF19-4916-820A-61F4D12742CB}.Debug|Any CPU.ActiveCfg = Debug|Any CPU
		{1B58A4D9-CF19-4916-820A-61F4D12742CB}.Debug|Any CPU.Build.0 = Debug|Any CPU
		{1B58A4D9-CF19-4916-820A-61F4D12742CB}.Release|Any CPU.ActiveCfg = Release|Any CPU
		{1B58A4D9-CF19-4916-820A-61F4D12742CB}.Release|Any CPU.Build.0 = Release|Any CPU
		{E2FF4131-011F-4FF7-A62F-FA0D059E43C6}.Debug|Any CPU.ActiveCfg = Debug|Any CPU
		{E2FF4131-011F-4FF7-A62F-FA0D059E43C6}.Debug|Any CPU.Build.0 = Debug|Any CPU
		{E2FF4131-011F-4FF7-A62F-FA0D059E43C6}.Release|Any CPU.ActiveCfg = Release|Any CPU
		{E2FF4131-011F-4FF7-A62F-FA0D059E43C6}.Release|Any CPU.Build.0 = Release|Any CPU
		{8357D8EC-572B-4019-8026-BBF3389AFE23}.Debug|Any CPU.ActiveCfg = Debug|Any CPU
		{8357D8EC-572B-4019-8026-BBF3389AFE23}.Debug|Any CPU.Build.0 = Debug|Any CPU
		{8357D8EC-572B-4019-8026-BBF3389AFE23}.Release|Any CPU.ActiveCfg = Release|Any CPU
		{8357D8EC-572B-4019-8026-BBF3389AFE23}.Release|Any CPU.Build.0 = Release|Any CPU
		{D8B5C2E2-8849-44AA-9BA2-7775652BA73E}.Debug|Any CPU.ActiveCfg = Debug|Any CPU
		{D8B5C2E2-8849-44AA-9BA2-7775652BA73E}.Debug|Any CPU.Build.0 = Debug|Any CPU
		{D8B5C2E2-8849-44AA-9BA2-7775652BA73E}.Release|Any CPU.ActiveCfg = Release|Any CPU
		{D8B5C2E2-8849-44AA-9BA2-7775652BA73E}.Release|Any CPU.Build.0 = Release|Any CPU
		{9D234B65-B4D1-43B4-835D-22DFB785ED29}.Debug|Any CPU.ActiveCfg = Debug|Any CPU
		{9D234B65-B4D1-43B4-835D-22DFB785ED29}.Debug|Any CPU.Build.0 = Debug|Any CPU
		{9D234B65-B4D1-43B4-835D-22DFB785ED29}.Release|Any CPU.ActiveCfg = Release|Any CPU
		{9D234B65-B4D1-43B4-835D-22DFB785ED29}.Release|Any CPU.Build.0 = Release|Any CPU
		{63C32D72-6413-4F47-B6FB-6E0CB8D0AFF3}.Debug|Any CPU.ActiveCfg = Debug|Any CPU
		{63C32D72-6413-4F47-B6FB-6E0CB8D0AFF3}.Debug|Any CPU.Build.0 = Debug|Any CPU
		{63C32D72-6413-4F47-B6FB-6E0CB8D0AFF3}.Release|Any CPU.ActiveCfg = Release|Any CPU
		{63C32D72-6413-4F47-B6FB-6E0CB8D0AFF3}.Release|Any CPU.Build.0 = Release|Any CPU
		{2EAA19B9-A441-4C06-8621-BEEBBA7CD149}.Debug|Any CPU.ActiveCfg = Debug|Any CPU
		{2EAA19B9-A441-4C06-8621-BEEBBA7CD149}.Debug|Any CPU.Build.0 = Debug|Any CPU
		{2EAA19B9-A441-4C06-8621-BEEBBA7CD149}.Release|Any CPU.ActiveCfg = Release|Any CPU
		{2EAA19B9-A441-4C06-8621-BEEBBA7CD149}.Release|Any CPU.Build.0 = Release|Any CPU
		{FC51584A-DFC6-4A6E-AC6E-23AF7B3C15FD}.Debug|Any CPU.ActiveCfg = Debug|Any CPU
		{FC51584A-DFC6-4A6E-AC6E-23AF7B3C15FD}.Debug|Any CPU.Build.0 = Debug|Any CPU
		{FC51584A-DFC6-4A6E-AC6E-23AF7B3C15FD}.Release|Any CPU.ActiveCfg = Release|Any CPU
		{FC51584A-DFC6-4A6E-AC6E-23AF7B3C15FD}.Release|Any CPU.Build.0 = Release|Any CPU
		{B643268D-DCD0-4157-8082-8D38E0CD3423}.Debug|Any CPU.ActiveCfg = Debug|Any CPU
		{B643268D-DCD0-4157-8082-8D38E0CD3423}.Debug|Any CPU.Build.0 = Debug|Any CPU
		{B643268D-DCD0-4157-8082-8D38E0CD3423}.Release|Any CPU.ActiveCfg = Release|Any CPU
		{B643268D-DCD0-4157-8082-8D38E0CD3423}.Release|Any CPU.Build.0 = Release|Any CPU
		{12DE57AF-96C2-4C45-A015-B5ADD0CA6293}.Debug|Any CPU.ActiveCfg = Debug|Any CPU
		{12DE57AF-96C2-4C45-A015-B5ADD0CA6293}.Debug|Any CPU.Build.0 = Debug|Any CPU
		{12DE57AF-96C2-4C45-A015-B5ADD0CA6293}.Release|Any CPU.ActiveCfg = Release|Any CPU
		{12DE57AF-96C2-4C45-A015-B5ADD0CA6293}.Release|Any CPU.Build.0 = Release|Any CPU
		{3E9B367B-6DC4-4A81-9E39-6F1A5D3545D3}.Debug|Any CPU.ActiveCfg = Debug|Any CPU
		{3E9B367B-6DC4-4A81-9E39-6F1A5D3545D3}.Debug|Any CPU.Build.0 = Debug|Any CPU
		{3E9B367B-6DC4-4A81-9E39-6F1A5D3545D3}.Release|Any CPU.ActiveCfg = Release|Any CPU
		{3E9B367B-6DC4-4A81-9E39-6F1A5D3545D3}.Release|Any CPU.Build.0 = Release|Any CPU
		{9BC10CC1-0223-4257-B42D-C0CF78AC3807}.Debug|Any CPU.ActiveCfg = Debug|Any CPU
		{9BC10CC1-0223-4257-B42D-C0CF78AC3807}.Debug|Any CPU.Build.0 = Debug|Any CPU
		{9BC10CC1-0223-4257-B42D-C0CF78AC3807}.Release|Any CPU.ActiveCfg = Release|Any CPU
		{9BC10CC1-0223-4257-B42D-C0CF78AC3807}.Release|Any CPU.Build.0 = Release|Any CPU
		{147D247A-FABD-49C8-9FDD-C0CD6E477DE2}.Debug|Any CPU.ActiveCfg = Debug|Any CPU
		{147D247A-FABD-49C8-9FDD-C0CD6E477DE2}.Debug|Any CPU.Build.0 = Debug|Any CPU
		{147D247A-FABD-49C8-9FDD-C0CD6E477DE2}.Release|Any CPU.ActiveCfg = Release|Any CPU
		{147D247A-FABD-49C8-9FDD-C0CD6E477DE2}.Release|Any CPU.Build.0 = Release|Any CPU
		{2B8C2296-1D9C-4994-8884-8B7D2D9739E1}.Debug|Any CPU.ActiveCfg = Debug|Any CPU
		{2B8C2296-1D9C-4994-8884-8B7D2D9739E1}.Debug|Any CPU.Build.0 = Debug|Any CPU
		{2B8C2296-1D9C-4994-8884-8B7D2D9739E1}.Release|Any CPU.ActiveCfg = Release|Any CPU
		{2B8C2296-1D9C-4994-8884-8B7D2D9739E1}.Release|Any CPU.Build.0 = Release|Any CPU
		{8D78FE94-3486-47D7-A6F6-43DF0BB7A33B}.Debug|Any CPU.ActiveCfg = Debug|Any CPU
		{8D78FE94-3486-47D7-A6F6-43DF0BB7A33B}.Debug|Any CPU.Build.0 = Debug|Any CPU
		{8D78FE94-3486-47D7-A6F6-43DF0BB7A33B}.Release|Any CPU.ActiveCfg = Release|Any CPU
		{8D78FE94-3486-47D7-A6F6-43DF0BB7A33B}.Release|Any CPU.Build.0 = Release|Any CPU
		{35BEA4DA-3B87-4A11-9E83-FA7EEDAC72ED}.Debug|Any CPU.ActiveCfg = Debug|Any CPU
		{35BEA4DA-3B87-4A11-9E83-FA7EEDAC72ED}.Debug|Any CPU.Build.0 = Debug|Any CPU
		{35BEA4DA-3B87-4A11-9E83-FA7EEDAC72ED}.Release|Any CPU.ActiveCfg = Release|Any CPU
		{35BEA4DA-3B87-4A11-9E83-FA7EEDAC72ED}.Release|Any CPU.Build.0 = Release|Any CPU
		{785163C1-83ED-4BDE-A955-75E506AFB3FD}.Debug|Any CPU.ActiveCfg = Debug|Any CPU
		{785163C1-83ED-4BDE-A955-75E506AFB3FD}.Debug|Any CPU.Build.0 = Debug|Any CPU
		{785163C1-83ED-4BDE-A955-75E506AFB3FD}.Release|Any CPU.ActiveCfg = Release|Any CPU
		{785163C1-83ED-4BDE-A955-75E506AFB3FD}.Release|Any CPU.Build.0 = Release|Any CPU
		{485931A8-5425-4518-B7FC-08568F0CBD03}.Debug|Any CPU.ActiveCfg = Debug|Any CPU
		{485931A8-5425-4518-B7FC-08568F0CBD03}.Debug|Any CPU.Build.0 = Debug|Any CPU
		{485931A8-5425-4518-B7FC-08568F0CBD03}.Release|Any CPU.ActiveCfg = Release|Any CPU
		{485931A8-5425-4518-B7FC-08568F0CBD03}.Release|Any CPU.Build.0 = Release|Any CPU
		{F0EC4F74-75E7-4690-AD98-84F1FE479E48}.Debug|Any CPU.ActiveCfg = Debug|Any CPU
		{F0EC4F74-75E7-4690-AD98-84F1FE479E48}.Debug|Any CPU.Build.0 = Debug|Any CPU
		{F0EC4F74-75E7-4690-AD98-84F1FE479E48}.Release|Any CPU.ActiveCfg = Release|Any CPU
		{F0EC4F74-75E7-4690-AD98-84F1FE479E48}.Release|Any CPU.Build.0 = Release|Any CPU
	EndGlobalSection
	GlobalSection(SolutionProperties) = preSolution
		HideSolutionNode = FALSE
	EndGlobalSection
	GlobalSection(NestedProjects) = preSolution
		{9FD68E37-26AB-4B2E-94E7-3DBAA63E60FC} = {D487CA59-D831-471D-96D8-F735237C4376}
		{031EA354-DEDC-4EA6-B4EC-A7829AA8CA0E} = {D487CA59-D831-471D-96D8-F735237C4376}
		{F1369719-F6BD-4B88-9E23-4204E0C62E3E} = {D487CA59-D831-471D-96D8-F735237C4376}
		{CF6E3B53-684F-46BC-A733-85A2245C59AA} = {8457AC73-B4C0-40DC-BD7A-12B0F8752F9A}
		{5F3FF48C-BC70-43DB-825A-C5AC695ABF78} = {8457AC73-B4C0-40DC-BD7A-12B0F8752F9A}
		{0EF5D802-65AA-4564-BA5C-FA7B5417CEE3} = {8457AC73-B4C0-40DC-BD7A-12B0F8752F9A}
		{EEBAF893-B1BD-43C6-9C68-E5A93B46791D} = {8457AC73-B4C0-40DC-BD7A-12B0F8752F9A}
		{5A5F78F4-0148-46DB-9D2F-88AF7B6E295A} = {8457AC73-B4C0-40DC-BD7A-12B0F8752F9A}
		{037FC667-B469-4CB8-B2CF-1C729FCD6C21} = {8457AC73-B4C0-40DC-BD7A-12B0F8752F9A}
		{B1ECE144-C284-4728-9BCD-2CF24FDBA438} = {E4543419-C41D-4FD9-9E5B-91928F5F199C}
		{E23BED7A-30E7-4E62-BB70-3DBA8FB94F4F} = {E4543419-C41D-4FD9-9E5B-91928F5F199C}
		{D7EE786A-56D2-4969-B7D8-DD185C4DAFE4} = {E4543419-C41D-4FD9-9E5B-91928F5F199C}
		{FC6844F3-10FC-4350-998C-C1CEEDC64864} = {E4543419-C41D-4FD9-9E5B-91928F5F199C}
		{F1A61978-C795-4E00-A348-AF437AF754B2} = {F4D1E89B-5BA4-477B-8FF6-ECDAFC971CEC}
		{83705905-B98C-4803-A0AE-A325A99779FC} = {E4543419-C41D-4FD9-9E5B-91928F5F199C}
		{9EA14282-C3AE-464D-B35E-50315D2F0A0E} = {D487CA59-D831-471D-96D8-F735237C4376}
		{4EDE846B-907D-4958-B041-3B2EB3262D6F} = {A90D3362-C034-485E-9720-F01D57813B8C}
		{F9A706C7-E15F-47AD-80DE-BC1440E0474D} = {A90D3362-C034-485E-9720-F01D57813B8C}
		{1B58A4D9-CF19-4916-820A-61F4D12742CB} = {A90D3362-C034-485E-9720-F01D57813B8C}
		{E2FF4131-011F-4FF7-A62F-FA0D059E43C6} = {A90D3362-C034-485E-9720-F01D57813B8C}
		{8357D8EC-572B-4019-8026-BBF3389AFE23} = {A90D3362-C034-485E-9720-F01D57813B8C}
		{D8B5C2E2-8849-44AA-9BA2-7775652BA73E} = {A90D3362-C034-485E-9720-F01D57813B8C}
		{9D234B65-B4D1-43B4-835D-22DFB785ED29} = {A90D3362-C034-485E-9720-F01D57813B8C}
		{63C32D72-6413-4F47-B6FB-6E0CB8D0AFF3} = {A90D3362-C034-485E-9720-F01D57813B8C}
		{2EAA19B9-A441-4C06-8621-BEEBBA7CD149} = {A90D3362-C034-485E-9720-F01D57813B8C}
		{FC51584A-DFC6-4A6E-AC6E-23AF7B3C15FD} = {A90D3362-C034-485E-9720-F01D57813B8C}
		{B643268D-DCD0-4157-8082-8D38E0CD3423} = {A90D3362-C034-485E-9720-F01D57813B8C}
		{12DE57AF-96C2-4C45-A015-B5ADD0CA6293} = {A90D3362-C034-485E-9720-F01D57813B8C}
		{3E9B367B-6DC4-4A81-9E39-6F1A5D3545D3} = {A90D3362-C034-485E-9720-F01D57813B8C}
		{9BC10CC1-0223-4257-B42D-C0CF78AC3807} = {A90D3362-C034-485E-9720-F01D57813B8C}
		{147D247A-FABD-49C8-9FDD-C0CD6E477DE2} = {A90D3362-C034-485E-9720-F01D57813B8C}
		{2B8C2296-1D9C-4994-8884-8B7D2D9739E1} = {8F9D6917-F2E5-41DC-BA0B-7166221CBEBA}
		{8D78FE94-3486-47D7-A6F6-43DF0BB7A33B} = {8F9D6917-F2E5-41DC-BA0B-7166221CBEBA}
		{35BEA4DA-3B87-4A11-9E83-FA7EEDAC72ED} = {8F9D6917-F2E5-41DC-BA0B-7166221CBEBA}
		{785163C1-83ED-4BDE-A955-75E506AFB3FD} = {F4D1E89B-5BA4-477B-8FF6-ECDAFC971CEC}
		{485931A8-5425-4518-B7FC-08568F0CBD03} = {8F9D6917-F2E5-41DC-BA0B-7166221CBEBA}
		{F0EC4F74-75E7-4690-AD98-84F1FE479E48} = {8F9D6917-F2E5-41DC-BA0B-7166221CBEBA}
	EndGlobalSection
	GlobalSection(ExtensibilityGlobals) = postSolution
		SolutionGuid = {D58802D0-8737-4377-862D-78B92F298FC0}
	EndGlobalSection
EndGlobal
